schema: '2.0'
stages:
  train:
    cmd: python3 src/train.py
    deps:
    - path: data
      md5: 687552951726b99c2eee15d29b4ccf0e.dir
      size: 17397976
      nfiles: 3
    - path: src
      md5: fbbf04d9a909a5d1c57b7ba1762ce64d.dir
      size: 14605
      nfiles: 4
    params:
      params.yaml:
        model:
          conv_units: 64
        train:
          epochs: 25
    outs:
    - path: metrics.json
      md5: cd7672393c43ecd5e3290894d1ad21ae
      size: 56
    - path: models
      md5: 475c97052ebd836d415691b233d47037.dir
      size: 16673944
      nfiles: 1
    - path: plots
      md5: bd15f52af81ef9d217ad57e55bf0d7e5.dir
      size: 71102
      nfiles: 2
