schema: '2.0'
stages:
  train:
    cmd: python3 src/train.py
    deps:
    - path: data
      md5: 687552951726b99c2eee15d29b4ccf0e.dir
      size: 17397976
      nfiles: 3
    - path: src
      md5: 3d0a247da8310e6dc3f5534c22bad1ed.dir
      size: 14605
      nfiles: 4
    params:
      params.yaml:
        model:
          conv_units: 16
        train:
          epochs: 100
    outs:
    - path: metrics.json
      md5: 819b8af24503f0b2ef48e200654318ae
      size: 56
    - path: models
      md5: 51a04bfd52ee48e74c7c223c3e08d95e.dir
      size: 4208952
      nfiles: 1
    - path: plots
      md5: 2c9f70e380b379168c1407f0201d98e5.dir
      size: 69402
      nfiles: 2
