schema: '2.0'
stages:
  train:
    cmd: python3 src/train.py
    deps:
    - path: data
      md5: 687552951726b99c2eee15d29b4ccf0e.dir
      size: 17397976
      nfiles: 3
    - path: src
      md5: f7c950f7af70347425914fa6c7003a31.dir
      size: 14605
      nfiles: 4
    params:
      params.yaml:
        model:
          conv_units: 128
        train:
          epochs: 50
    outs:
    - path: metrics.json
      md5: cd4362ad0f6aca4d949cd848ed976956
      size: 56
    - path: models
      md5: 9ad8673f965f2d05cd5a07419b500dea.dir
      size: 33296224
      nfiles: 1
    - path: plots
      md5: f698400bb78ca9b7900b87f82123579e.dir
      size: 71200
      nfiles: 2
